
Microsoft Visual Studio Solution File, Format Version 12.00
# Visual Studio Version 17
VisualStudioVersion = 17.5.002.0
MinimumVisualStudioVersion = 10.0.40219.1
Project("{2150E333-8FDC-42A3-9474-1A3956D46DE8}") = "week01", "week01", "{0158348D-F460-4E54-A56F-BE712D6D1448}"
EndProject
Project("{9A19103F-16F7-4668-BE54-9A1E7A4F7556}") = "code", "week01\code\code.csproj", "{293F921A-6FD9-49A0-AFA6-8000528B3378}"
EndProject
Project("{9A19103F-16F7-4668-BE54-9A1E7A4F7556}") = "analyze", "week01\analyze\analyze.csproj", "{ED7A0904-5D63-4D41-821D-04599E3D94FA}"
EndProject
Project("{9A19103F-16F7-4668-BE54-9A1E7A4F7556}") = "teach", "week01\teach\teach.csproj", "{9D2E70F9-CA07-4605-88C8-A5C870BE6961}"
EndProject
Project("{2150E333-8FDC-42A3-9474-1A3956D46DE8}") = "week06", "week06", "{2FC64528-D34F-4147-BAA9-38F559797FA1}"
EndProject
Project("{9A19103F-16F7-4668-BE54-9A1E7A4F7556}") = "code", "week06\code\code.csproj", "{9721AD89-F01B-4D0F-B260-CE036285F409}"
EndProject
Project("{2150E333-8FDC-42A3-9474-1A3956D46DE8}") = "sandbox", "sandbox", "{189673C2-32A8-47FD-88E7-ECFA60322041}"
EndProject
Project("{9A19103F-16F7-4668-BE54-9A1E7A4F7556}") = "sandbox_project", "sandbox\sandbox_project\sandbox_project.csproj", "{C50923DD-3EC2-424B-8634-2F02B900E859}"
EndProject
Project("{2150E333-8FDC-42A3-9474-1A3956D46DE8}") = "week05", "week05", "{5D6806B5-F059-4A03-B185-B2BCE695EA4E}"
EndProject
Project("{9A19103F-16F7-4668-BE54-9A1E7A4F7556}") = "code", "week05\code\code.csproj", "{E6BD420A-57B9-4F7B-B7D3-05A9694DCF32}"
EndProject
Project("{2150E333-8FDC-42A3-9474-1A3956D46DE8}") = "week02", "week02", "{CC2FE43E-6A38-4D5E-8CAD-6D4BC881B2A8}"
EndProject
Project("{9A19103F-16F7-4668-BE54-9A1E7A4F7556}") = "learn", "week02\learn\learn.csproj", "{8E9E7246-3144-4400-B90B-1996C94792B9}"
EndProject
Project("{9A19103F-16F7-4668-BE54-9A1E7A4F7556}") = "code", "week02\code\code.csproj", "{CAF8165D-FABA-416A-827E-5EE5AC6D5BAF}"
EndProject
Project("{9A19103F-16F7-4668-BE54-9A1E7A4F7556}") = "analyze", "week02\analyze\analyze.csproj", "{B4058878-C60A-4183-A05C-9BAD76B1E61B}"
EndProject
Project("{9A19103F-16F7-4668-BE54-9A1E7A4F7556}") = "teach", "week02\teach\teach.csproj", "{E40678E2-408E-4F33-8D2E-C3534F5553CA}"
EndProject
Project("{2150E333-8FDC-42A3-9474-1A3956D46DE8}") = "week03", "week03", "{393AD284-E957-49C1-824B-42957C11DB43}"
EndProject
Project("{9A19103F-16F7-4668-BE54-9A1E7A4F7556}") = "learn", "week03\learn\learn.csproj", "{F7D9CF1D-2F06-47B1-9397-3C5155BED091}"
EndProject
Project("{9A19103F-16F7-4668-BE54-9A1E7A4F7556}") = "code", "week03\code\code.csproj", "{2E5E8CB5-C78B-4D06-805E-DD1B6B5A755B}"
EndProject
Project("{9A19103F-16F7-4668-BE54-9A1E7A4F7556}") = "teach", "week03\teach\teach.csproj", "{2DADE6F3-3072-47F8-A630-00E16466B123}"
EndProject
Project("{2150E333-8FDC-42A3-9474-1A3956D46DE8}") = "week04", "week04", "{1A73F93A-9B6D-4143-B20F-E9296C85BFA2}"
EndProject
Project("{9A19103F-16F7-4668-BE54-9A1E7A4F7556}") = "code", "week04\code\code.csproj", "{4AC6ABC7-BF0E-4F71-9E45-AE4C23DD0F23}"
EndProject
Global
	GlobalSection(SolutionConfigurationPlatforms) = preSolution
		Debug|Any CPU = Debug|Any CPU
		Release|Any CPU = Release|Any CPU
	EndGlobalSection
	GlobalSection(ProjectConfigurationPlatforms) = postSolution
		{293F921A-6FD9-49A0-AFA6-8000528B3378}.Debug|Any CPU.ActiveCfg = Debug|Any CPU
		{293F921A-6FD9-49A0-AFA6-8000528B3378}.Debug|Any CPU.Build.0 = Debug|Any CPU
		{293F921A-6FD9-49A0-AFA6-8000528B3378}.Release|Any CPU.ActiveCfg = Release|Any CPU
		{293F921A-6FD9-49A0-AFA6-8000528B3378}.Release|Any CPU.Build.0 = Release|Any CPU
		{ED7A0904-5D63-4D41-821D-04599E3D94FA}.Debug|Any CPU.ActiveCfg = Debug|Any CPU
		{ED7A0904-5D63-4D41-821D-04599E3D94FA}.Debug|Any CPU.Build.0 = Debug|Any CPU
		{ED7A0904-5D63-4D41-821D-04599E3D94FA}.Release|Any CPU.ActiveCfg = Release|Any CPU
		{ED7A0904-5D63-4D41-821D-04599E3D94FA}.Release|Any CPU.Build.0 = Release|Any CPU
		{9D2E70F9-CA07-4605-88C8-A5C870BE6961}.Debug|Any CPU.ActiveCfg = Debug|Any CPU
		{9D2E70F9-CA07-4605-88C8-A5C870BE6961}.Debug|Any CPU.Build.0 = Debug|Any CPU
		{9D2E70F9-CA07-4605-88C8-A5C870BE6961}.Release|Any CPU.ActiveCfg = Release|Any CPU
		{9D2E70F9-CA07-4605-88C8-A5C870BE6961}.Release|Any CPU.Build.0 = Release|Any CPU
		{9721AD89-F01B-4D0F-B260-CE036285F409}.Debug|Any CPU.ActiveCfg = Debug|Any CPU
		{9721AD89-F01B-4D0F-B260-CE036285F409}.Debug|Any CPU.Build.0 = Debug|Any CPU
		{9721AD89-F01B-4D0F-B260-CE036285F409}.Release|Any CPU.ActiveCfg = Release|Any CPU
		{9721AD89-F01B-4D0F-B260-CE036285F409}.Release|Any CPU.Build.0 = Release|Any CPU
		{C50923DD-3EC2-424B-8634-2F02B900E859}.Debug|Any CPU.ActiveCfg = Debug|Any CPU
		{C50923DD-3EC2-424B-8634-2F02B900E859}.Debug|Any CPU.Build.0 = Debug|Any CPU
		{C50923DD-3EC2-424B-8634-2F02B900E859}.Release|Any CPU.ActiveCfg = Release|Any CPU
		{C50923DD-3EC2-424B-8634-2F02B900E859}.Release|Any CPU.Build.0 = Release|Any CPU
		{E6BD420A-57B9-4F7B-B7D3-05A9694DCF32}.Debug|Any CPU.ActiveCfg = Debug|Any CPU
		{E6BD420A-57B9-4F7B-B7D3-05A9694DCF32}.Debug|Any CPU.Build.0 = Debug|Any CPU
		{E6BD420A-57B9-4F7B-B7D3-05A9694DCF32}.Release|Any CPU.ActiveCfg = Release|Any CPU
		{E6BD420A-57B9-4F7B-B7D3-05A9694DCF32}.Release|Any CPU.Build.0 = Release|Any CPU
		{8E9E7246-3144-4400-B90B-1996C94792B9}.Debug|Any CPU.ActiveCfg = Debug|Any CPU
		{8E9E7246-3144-4400-B90B-1996C94792B9}.Debug|Any CPU.Build.0 = Debug|Any CPU
		{8E9E7246-3144-4400-B90B-1996C94792B9}.Release|Any CPU.ActiveCfg = Release|Any CPU
		{8E9E7246-3144-4400-B90B-1996C94792B9}.Release|Any CPU.Build.0 = Release|Any CPU
		{CAF8165D-FABA-416A-827E-5EE5AC6D5BAF}.Debug|Any CPU.ActiveCfg = Debug|Any CPU
		{CAF8165D-FABA-416A-827E-5EE5AC6D5BAF}.Debug|Any CPU.Build.0 = Debug|Any CPU
		{CAF8165D-FABA-416A-827E-5EE5AC6D5BAF}.Release|Any CPU.ActiveCfg = Release|Any CPU
		{CAF8165D-FABA-416A-827E-5EE5AC6D5BAF}.Release|Any CPU.Build.0 = Release|Any CPU
		{B4058878-C60A-4183-A05C-9BAD76B1E61B}.Debug|Any CPU.ActiveCfg = Debug|Any CPU
		{B4058878-C60A-4183-A05C-9BAD76B1E61B}.Debug|Any CPU.Build.0 = Debug|Any CPU
		{B4058878-C60A-4183-A05C-9BAD76B1E61B}.Release|Any CPU.ActiveCfg = Release|Any CPU
		{B4058878-C60A-4183-A05C-9BAD76B1E61B}.Release|Any CPU.Build.0 = Release|Any CPU
		{E40678E2-408E-4F33-8D2E-C3534F5553CA}.Debug|Any CPU.ActiveCfg = Debug|Any CPU
		{E40678E2-408E-4F33-8D2E-C3534F5553CA}.Debug|Any CPU.Build.0 = Debug|Any CPU
		{E40678E2-408E-4F33-8D2E-C3534F5553CA}.Release|Any CPU.ActiveCfg = Release|Any CPU
		{E40678E2-408E-4F33-8D2E-C3534F5553CA}.Release|Any CPU.Build.0 = Release|Any CPU
		{F7D9CF1D-2F06-47B1-9397-3C5155BED091}.Debug|Any CPU.ActiveCfg = Debug|Any CPU
		{F7D9CF1D-2F06-47B1-9397-3C5155BED091}.Debug|Any CPU.Build.0 = Debug|Any CPU
		{F7D9CF1D-2F06-47B1-9397-3C5155BED091}.Release|Any CPU.ActiveCfg = Release|Any CPU
		{F7D9CF1D-2F06-47B1-9397-3C5155BED091}.Release|Any CPU.Build.0 = Release|Any CPU
		{2E5E8CB5-C78B-4D06-805E-DD1B6B5A755B}.Debug|Any CPU.ActiveCfg = Debug|Any CPU
		{2E5E8CB5-C78B-4D06-805E-DD1B6B5A755B}.Debug|Any CPU.Build.0 = Debug|Any CPU
		{2E5E8CB5-C78B-4D06-805E-DD1B6B5A755B}.Release|Any CPU.ActiveCfg = Release|Any CPU
		{2E5E8CB5-C78B-4D06-805E-DD1B6B5A755B}.Release|Any CPU.Build.0 = Release|Any CPU
		{2DADE6F3-3072-47F8-A630-00E16466B123}.Debug|Any CPU.ActiveCfg = Debug|Any CPU
		{2DADE6F3-3072-47F8-A630-00E16466B123}.Debug|Any CPU.Build.0 = Debug|Any CPU
		{2DADE6F3-3072-47F8-A630-00E16466B123}.Release|Any CPU.ActiveCfg = Release|Any CPU
		{2DADE6F3-3072-47F8-A630-00E16466B123}.Release|Any CPU.Build.0 = Release|Any CPU
		{4AC6ABC7-BF0E-4F71-9E45-AE4C23DD0F23}.Debug|Any CPU.ActiveCfg = Debug|Any CPU
		{4AC6ABC7-BF0E-4F71-9E45-AE4C23DD0F23}.Debug|Any CPU.Build.0 = Debug|Any CPU
		{4AC6ABC7-BF0E-4F71-9E45-AE4C23DD0F23}.Release|Any CPU.ActiveCfg = Release|Any CPU
		{4AC6ABC7-BF0E-4F71-9E45-AE4C23DD0F23}.Release|Any CPU.Build.0 = Release|Any CPU
	EndGlobalSection
	GlobalSection(SolutionProperties) = preSolution
		HideSolutionNode = FALSE
	EndGlobalSection
	GlobalSection(NestedProjects) = preSolution
		{293F921A-6FD9-49A0-AFA6-8000528B3378} = {0158348D-F460-4E54-A56F-BE712D6D1448}
		{ED7A0904-5D63-4D41-821D-04599E3D94FA} = {0158348D-F460-4E54-A56F-BE712D6D1448}
		{9D2E70F9-CA07-4605-88C8-A5C870BE6961} = {0158348D-F460-4E54-A56F-BE712D6D1448}
		{9721AD89-F01B-4D0F-B260-CE036285F409} = {2FC64528-D34F-4147-BAA9-38F559797FA1}
		{C50923DD-3EC2-424B-8634-2F02B900E859} = {189673C2-32A8-47FD-88E7-ECFA60322041}
		{E6BD420A-57B9-4F7B-B7D3-05A9694DCF32} = {5D6806B5-F059-4A03-B185-B2BCE695EA4E}
		{8E9E7246-3144-4400-B90B-1996C94792B9} = {CC2FE43E-6A38-4D5E-8CAD-6D4BC881B2A8}
		{CAF8165D-FABA-416A-827E-5EE5AC6D5BAF} = {CC2FE43E-6A38-4D5E-8CAD-6D4BC881B2A8}
		{B4058878-C60A-4183-A05C-9BAD76B1E61B} = {CC2FE43E-6A38-4D5E-8CAD-6D4BC881B2A8}
		{E40678E2-408E-4F33-8D2E-C3534F5553CA} = {CC2FE43E-6A38-4D5E-8CAD-6D4BC881B2A8}
		{F7D9CF1D-2F06-47B1-9397-3C5155BED091} = {393AD284-E957-49C1-824B-42957C11DB43}
		{2E5E8CB5-C78B-4D06-805E-DD1B6B5A755B} = {393AD284-E957-49C1-824B-42957C11DB43}
		{2DADE6F3-3072-47F8-A630-00E16466B123} = {393AD284-E957-49C1-824B-42957C11DB43}
		{4AC6ABC7-BF0E-4F71-9E45-AE4C23DD0F23} = {1A73F93A-9B6D-4143-B20F-E9296C85BFA2}
	EndGlobalSection
	GlobalSection(ExtensibilityGlobals) = postSolution
		SolutionGuid = {FF74C5EA-CE87-42A3-A125-6A65F1AC6556}
	EndGlobalSection
EndGlobal
